
Microsoft Visual Studio Solution File, Format Version 12.00
# Visual Studio Version 16
VisualStudioVersion = 16.0.31005.135
MinimumVisualStudioVersion = 10.0.40219.1
Project("{FAE04EC0-301F-11D3-BF4B-00C04F79EFBC}") = "demo", "demo\demo.csproj", "{C9317629-E026-48FE-94F9-35969118C0E5}"
EndProject
Global
	GlobalSection(SolutionConfigurationPlatforms) = preSolution
		Debug|Any CPU = Debug|Any CPU
		Release|Any CPU = Release|Any CPU
	EndGlobalSection
	GlobalSection(ProjectConfigurationPlatforms) = postSolution
		{C9317629-E026-48FE-94F9-35969118C0E5}.Debug|Any CPU.ActiveCfg = Debug|Any CPU
		{C9317629-E026-48FE-94F9-35969118C0E5}.Debug|Any CPU.Build.0 = Debug|Any CPU
		{C9317629-E026-48FE-94F9-35969118C0E5}.Release|Any CPU.ActiveCfg = Release|Any CPU
		{C9317629-E026-48FE-94F9-35969118C0E5}.Release|Any CPU.Build.0 = Release|Any CPU
	EndGlobalSection
	GlobalSection(SolutionProperties) = preSolution
		HideSolutionNode = FALSE
	EndGlobalSection
	GlobalSection(ExtensibilityGlobals) = postSolution
		SolutionGuid = {CB19E6E2-9284-4BE6-A212-18F20DA10F73}
	EndGlobalSection
EndGlobal
